
Microsoft Visual Studio Solution File, Format Version 12.00
# Visual Studio Version 16
VisualStudioVersion = 16.0.29519.181
MinimumVisualStudioVersion = 10.0.40219.1
Project("{8BC9CEB8-8B4A-11D0-8D11-00A0C91BC942}") = "Sample01_Initialization", "Sample01_Initialization\Sample01_Initialization.vcxproj", "{0D8C3D51-9A96-44DC-84AB-8F976059CF09}"
EndProject
Project("{8BC9CEB8-8B4A-11D0-8D11-00A0C91BC942}") = "Sample02_SimpleVisualTree", "Sample02_SimpleVisualTree\Sample02_SimpleVisualTree.vcxproj", "{889B8D44-D385-411A-AA50-FC8911DCA739}"
EndProject
Project("{8BC9CEB8-8B4A-11D0-8D11-00A0C91BC942}") = "Sample03_RectangleClip", "Sample03_RectangleClip\Sample03_RectangleClip.vcxproj", "{4DAAA925-97D1-44A0-B010-2597EE8FB172}"
EndProject
Project("{8BC9CEB8-8B4A-11D0-8D11-00A0C91BC942}") = "Sample04_Transform2D", "Sample04_Transform2D\Sample04_Transform2D.vcxproj", "{71413F29-803D-4142-BDD1-2A5A4DCCB3EB}"
EndProject
Project("{8BC9CEB8-8B4A-11D0-8D11-00A0C91BC942}") = "Sample05_ApplyEffects", "Sample05_ApplyEffects\Sample05_ApplyEffects.vcxproj", "{DE919D51-BD8D-4444-9EBB-6A4390B8CA1A}"
EndProject
Global
	GlobalSection(SolutionConfigurationPlatforms) = preSolution
		Debug|x64 = Debug|x64
		Debug|x86 = Debug|x86
		Release|x64 = Release|x64
		Release|x86 = Release|x86
	EndGlobalSection
	GlobalSection(ProjectConfigurationPlatforms) = postSolution
		{0D8C3D51-9A96-44DC-84AB-8F976059CF09}.Debug|x64.ActiveCfg = Debug|x64
		{0D8C3D51-9A96-44DC-84AB-8F976059CF09}.Debug|x64.Build.0 = Debug|x64
		{0D8C3D51-9A96-44DC-84AB-8F976059CF09}.Debug|x86.ActiveCfg = Debug|Win32
		{0D8C3D51-9A96-44DC-84AB-8F976059CF09}.Debug|x86.Build.0 = Debug|Win32
		{0D8C3D51-9A96-44DC-84AB-8F976059CF09}.Release|x64.ActiveCfg = Release|x64
		{0D8C3D51-9A96-44DC-84AB-8F976059CF09}.Release|x64.Build.0 = Release|x64
		{0D8C3D51-9A96-44DC-84AB-8F976059CF09}.Release|x86.ActiveCfg = Release|Win32
		{0D8C3D51-9A96-44DC-84AB-8F976059CF09}.Release|x86.Build.0 = Release|Win32
		{889B8D44-D385-411A-AA50-FC8911DCA739}.Debug|x64.ActiveCfg = Debug|x64
		{889B8D44-D385-411A-AA50-FC8911DCA739}.Debug|x64.Build.0 = Debug|x64
		{889B8D44-D385-411A-AA50-FC8911DCA739}.Debug|x86.ActiveCfg = Debug|Win32
		{889B8D44-D385-411A-AA50-FC8911DCA739}.Debug|x86.Build.0 = Debug|Win32
		{889B8D44-D385-411A-AA50-FC8911DCA739}.Release|x64.ActiveCfg = Release|x64
		{889B8D44-D385-411A-AA50-FC8911DCA739}.Release|x64.Build.0 = Release|x64
		{889B8D44-D385-411A-AA50-FC8911DCA739}.Release|x86.ActiveCfg = Release|Win32
		{889B8D44-D385-411A-AA50-FC8911DCA739}.Release|x86.Build.0 = Release|Win32
		{4DAAA925-97D1-44A0-B010-2597EE8FB172}.Debug|x64.ActiveCfg = Debug|x64
		{4DAAA925-97D1-44A0-B010-2597EE8FB172}.Debug|x64.Build.0 = Debug|x64
		{4DAAA925-97D1-44A0-B010-2597EE8FB172}.Debug|x86.ActiveCfg = Debug|Win32
		{4DAAA925-97D1-44A0-B010-2597EE8FB172}.Debug|x86.Build.0 = Debug|Win32
		{4DAAA925-97D1-44A0-B010-2597EE8FB172}.Release|x64.ActiveCfg = Release|x64
		{4DAAA925-97D1-44A0-B010-2597EE8FB172}.Release|x64.Build.0 = Release|x64
		{4DAAA925-97D1-44A0-B010-2597EE8FB172}.Release|x86.ActiveCfg = Release|Win32
		{4DAAA925-97D1-44A0-B010-2597EE8FB172}.Release|x86.Build.0 = Release|Win32
		{71413F29-803D-4142-BDD1-2A5A4DCCB3EB}.Debug|x64.ActiveCfg = Debug|x64
		{71413F29-803D-4142-BDD1-2A5A4DCCB3EB}.Debug|x64.Build.0 = Debug|x64
		{71413F29-803D-4142-BDD1-2A5A4DCCB3EB}.Debug|x86.ActiveCfg = Debug|Win32
		{71413F29-803D-4142-BDD1-2A5A4DCCB3EB}.Debug|x86.Build.0 = Debug|Win32
		{71413F29-803D-4142-BDD1-2A5A4DCCB3EB}.Release|x64.ActiveCfg = Release|x64
		{71413F29-803D-4142-BDD1-2A5A4DCCB3EB}.Release|x64.Build.0 = Release|x64
		{71413F29-803D-4142-BDD1-2A5A4DCCB3EB}.Release|x86.ActiveCfg = Release|Win32
		{71413F29-803D-4142-BDD1-2A5A4DCCB3EB}.Release|x86.Build.0 = Release|Win32
		{DE919D51-BD8D-4444-9EBB-6A4390B8CA1A}.Debug|x64.ActiveCfg = Debug|x64
		{DE919D51-BD8D-4444-9EBB-6A4390B8CA1A}.Debug|x64.Build.0 = Debug|x64
		{DE919D51-BD8D-4444-9EBB-6A4390B8CA1A}.Debug|x86.ActiveCfg = Debug|Win32
		{DE919D51-BD8D-4444-9EBB-6A4390B8CA1A}.Debug|x86.Build.0 = Debug|Win32
		{DE919D51-BD8D-4444-9EBB-6A4390B8CA1A}.Release|x64.ActiveCfg = Release|x64
		{DE919D51-BD8D-4444-9EBB-6A4390B8CA1A}.Release|x64.Build.0 = Release|x64
		{DE919D51-BD8D-4444-9EBB-6A4390B8CA1A}.Release|x86.ActiveCfg = Release|Win32
		{DE919D51-BD8D-4444-9EBB-6A4390B8CA1A}.Release|x86.Build.0 = Release|Win32
	EndGlobalSection
	GlobalSection(SolutionProperties) = preSolution
		HideSolutionNode = FALSE
	EndGlobalSection
	GlobalSection(ExtensibilityGlobals) = postSolution
		SolutionGuid = {DD2D9477-6F13-4D66-8586-8F8C2D9B058E}
	EndGlobalSection
EndGlobal
